// !$*UTF8*$!
{
	archiveVersion = 1;
	classes = {
	};
	objectVersion = 48;
	objects = {

/* Begin PBXBuildFile section */
		D90B26351FD291E7000C734B /* BasicVar.swift in Sources */ = {isa = PBXBuildFile; fileRef = D90B26341FD291E7000C734B /* BasicVar.swift */; };
		D924B5201FD293BF003E0DCF /* LoginViewController.swift in Sources */ = {isa = PBXBuildFile; fileRef = D924B51F1FD293BF003E0DCF /* LoginViewController.swift */; };
		D9377D6A1FC9B55C004D3A47 /* MyCourseItem.swift in Sources */ = {isa = PBXBuildFile; fileRef = D9377D691FC9B55C004D3A47 /* MyCourseItem.swift */; };
		D9377D6C1FC9B579004D3A47 /* MyHomeworkItem.swift in Sources */ = {isa = PBXBuildFile; fileRef = D9377D6B1FC9B579004D3A47 /* MyHomeworkItem.swift */; };
		D9377D6E1FC9B594004D3A47 /* HomeworkRemindItem.swift in Sources */ = {isa = PBXBuildFile; fileRef = D9377D6D1FC9B594004D3A47 /* HomeworkRemindItem.swift */; };
		D9377D701FC9E538004D3A47 /* MyCourses.swift in Sources */ = {isa = PBXBuildFile; fileRef = D9377D6F1FC9E538004D3A47 /* MyCourses.swift */; };
		D9377D721FC9EB4C004D3A47 /* HomeworkRemindCell.swift in Sources */ = {isa = PBXBuildFile; fileRef = D9377D711FC9EB4C004D3A47 /* HomeworkRemindCell.swift */; };
		D9377D741FCA874B004D3A47 /* AddHomeworkRemindViewController.swift in Sources */ = {isa = PBXBuildFile; fileRef = D9377D731FCA874B004D3A47 /* AddHomeworkRemindViewController.swift */; };
		D9377D761FCAF593004D3A47 /* MyHomeworkCell.swift in Sources */ = {isa = PBXBuildFile; fileRef = D9377D751FCAF593004D3A47 /* MyHomeworkCell.swift */; };
		D9377D781FCAFAD3004D3A47 /* showHomeworkItem.swift in Sources */ = {isa = PBXBuildFile; fileRef = D9377D771FCAFAD3004D3A47 /* showHomeworkItem.swift */; };
		D9BEA2561FC56B2C009C466F /* DownloadViewCell.swift in Sources */ = {isa = PBXBuildFile; fileRef = D9BEA2551FC56B2C009C466F /* DownloadViewCell.swift */; };
		D9BEA25C1FC571AE009C466F /* DownloadItem.swift in Sources */ = {isa = PBXBuildFile; fileRef = D9BEA25B1FC571AE009C466F /* DownloadItem.swift */; };
		D9D82D871FD2D5BF00D54DCD /* ConnectHost.swift in Sources */ = {isa = PBXBuildFile; fileRef = D9D82D861FD2D5BF00D54DCD /* ConnectHost.swift */; };
		D9D8D2711FB30900004E93E5 /* AppDelegate.swift in Sources */ = {isa = PBXBuildFile; fileRef = D9D8D2701FB30900004E93E5 /* AppDelegate.swift */; };
		D9D8D2731FB30900004E93E5 /* ViewController.swift in Sources */ = {isa = PBXBuildFile; fileRef = D9D8D2721FB30900004E93E5 /* ViewController.swift */; };
		D9D8D2761FB30900004E93E5 /* Main.storyboard in Resources */ = {isa = PBXBuildFile; fileRef = D9D8D2741FB30900004E93E5 /* Main.storyboard */; };
		D9D8D2781FB30900004E93E5 /* Assets.xcassets in Resources */ = {isa = PBXBuildFile; fileRef = D9D8D2771FB30900004E93E5 /* Assets.xcassets */; };
		D9D8D27B1FB30900004E93E5 /* LaunchScreen.storyboard in Resources */ = {isa = PBXBuildFile; fileRef = D9D8D2791FB30900004E93E5 /* LaunchScreen.storyboard */; };
		D9EF9F3D1FC161F60069E67B /* MessageViewController.swift in Sources */ = {isa = PBXBuildFile; fileRef = D9EF9F3C1FC161F60069E67B /* MessageViewController.swift */; };
		D9EF9F411FC16E3A0069E67B /* MessageItem.swift in Sources */ = {isa = PBXBuildFile; fileRef = D9EF9F401FC16E3A0069E67B /* MessageItem.swift */; };
		D9EF9F431FC17C720069E67B /* MessageViewCell.swift in Sources */ = {isa = PBXBuildFile; fileRef = D9EF9F421FC17C720069E67B /* MessageViewCell.swift */; };
		D9EF9F451FC1962B0069E67B /* ChatViewController.swift in Sources */ = {isa = PBXBuildFile; fileRef = D9EF9F441FC1962B0069E67B /* ChatViewController.swift */; };
		D9EF9F471FC196980069E67B /* PersonalInformationViewController.swift in Sources */ = {isa = PBXBuildFile; fileRef = D9EF9F461FC196980069E67B /* PersonalInformationViewController.swift */; };
		D9EF9F491FC196B40069E67B /* ClassCheckViewController.swift in Sources */ = {isa = PBXBuildFile; fileRef = D9EF9F481FC196B40069E67B /* ClassCheckViewController.swift */; };
		D9EF9F4B1FC196C00069E67B /* DownloadViewController.swift in Sources */ = {isa = PBXBuildFile; fileRef = D9EF9F4A1FC196C00069E67B /* DownloadViewController.swift */; };
		D9EF9F4D1FC196DD0069E67B /* MyCourseViewController.swift in Sources */ = {isa = PBXBuildFile; fileRef = D9EF9F4C1FC196DD0069E67B /* MyCourseViewController.swift */; };
		D9EF9F4F1FC196E70069E67B /* MyHomeworkViewController.swift in Sources */ = {isa = PBXBuildFile; fileRef = D9EF9F4E1FC196E70069E67B /* MyHomeworkViewController.swift */; };
		D9EF9F511FC1971E0069E67B /* HomeworkRemindViewController.swift in Sources */ = {isa = PBXBuildFile; fileRef = D9EF9F501FC1971E0069E67B /* HomeworkRemindViewController.swift */; };
		D9EF9F531FC19C470069E67B /* PersonalInformationItem.swift in Sources */ = {isa = PBXBuildFile; fileRef = D9EF9F521FC19C470069E67B /* PersonalInformationItem.swift */; };
		D9EF9F551FC1A5020069E67B /* MainTabBarController.swift in Sources */ = {isa = PBXBuildFile; fileRef = D9EF9F541FC1A5020069E67B /* MainTabBarController.swift */; };
/* End PBXBuildFile section */

/* Begin PBXFileReference section */
		D90B26341FD291E7000C734B /* BasicVar.swift */ = {isa = PBXFileReference; lastKnownFileType = sourcecode.swift; path = BasicVar.swift; sourceTree = "<group>"; };
		D924B51F1FD293BF003E0DCF /* LoginViewController.swift */ = {isa = PBXFileReference; lastKnownFileType = sourcecode.swift; path = LoginViewController.swift; sourceTree = "<group>"; };
		D9377D691FC9B55C004D3A47 /* MyCourseItem.swift */ = {isa = PBXFileReference; lastKnownFileType = sourcecode.swift; path = MyCourseItem.swift; sourceTree = "<group>"; };
		D9377D6B1FC9B579004D3A47 /* MyHomeworkItem.swift */ = {isa = PBXFileReference; lastKnownFileType = sourcecode.swift; path = MyHomeworkItem.swift; sourceTree = "<group>"; };
		D9377D6D1FC9B594004D3A47 /* HomeworkRemindItem.swift */ = {isa = PBXFileReference; lastKnownFileType = sourcecode.swift; path = HomeworkRemindItem.swift; sourceTree = "<group>"; };
		D9377D6F1FC9E538004D3A47 /* MyCourses.swift */ = {isa = PBXFileReference; lastKnownFileType = sourcecode.swift; path = MyCourses.swift; sourceTree = "<group>"; };
		D9377D711FC9EB4C004D3A47 /* HomeworkRemindCell.swift */ = {isa = PBXFileReference; lastKnownFileType = sourcecode.swift; path = HomeworkRemindCell.swift; sourceTree = "<group>"; };
		D9377D731FCA874B004D3A47 /* AddHomeworkRemindViewController.swift */ = {isa = PBXFileReference; lastKnownFileType = sourcecode.swift; path = AddHomeworkRemindViewController.swift; sourceTree = "<group>"; };
		D9377D751FCAF593004D3A47 /* MyHomeworkCell.swift */ = {isa = PBXFileReference; lastKnownFileType = sourcecode.swift; path = MyHomeworkCell.swift; sourceTree = "<group>"; };
		D9377D771FCAFAD3004D3A47 /* showHomeworkItem.swift */ = {isa = PBXFileReference; lastKnownFileType = sourcecode.swift; path = showHomeworkItem.swift; sourceTree = "<group>"; };
		D9BEA2551FC56B2C009C466F /* DownloadViewCell.swift */ = {isa = PBXFileReference; lastKnownFileType = sourcecode.swift; path = DownloadViewCell.swift; sourceTree = "<group>"; };
		D9BEA25B1FC571AE009C466F /* DownloadItem.swift */ = {isa = PBXFileReference; lastKnownFileType = sourcecode.swift; path = DownloadItem.swift; sourceTree = "<group>"; };
		D9D82D861FD2D5BF00D54DCD /* ConnectHost.swift */ = {isa = PBXFileReference; lastKnownFileType = sourcecode.swift; path = ConnectHost.swift; sourceTree = "<group>"; };
		D9D8D26D1FB30900004E93E5 /* CSerHelper_ios.app */ = {isa = PBXFileReference; explicitFileType = wrapper.application; includeInIndex = 0; path = CSerHelper_ios.app; sourceTree = BUILT_PRODUCTS_DIR; };
		D9D8D2701FB30900004E93E5 /* AppDelegate.swift */ = {isa = PBXFileReference; lastKnownFileType = sourcecode.swift; path = AppDelegate.swift; sourceTree = "<group>"; };
		D9D8D2721FB30900004E93E5 /* ViewController.swift */ = {isa = PBXFileReference; lastKnownFileType = sourcecode.swift; path = ViewController.swift; sourceTree = "<group>"; };
		D9D8D2751FB30900004E93E5 /* Base */ = {isa = PBXFileReference; lastKnownFileType = file.storyboard; name = Base; path = Base.lproj/Main.storyboard; sourceTree = "<group>"; };
		D9D8D2771FB30900004E93E5 /* Assets.xcassets */ = {isa = PBXFileReference; lastKnownFileType = folder.assetcatalog; path = Assets.xcassets; sourceTree = "<group>"; };
		D9D8D27A1FB30900004E93E5 /* Base */ = {isa = PBXFileReference; lastKnownFileType = file.storyboard; name = Base; path = Base.lproj/LaunchScreen.storyboard; sourceTree = "<group>"; };
		D9D8D27C1FB30900004E93E5 /* Info.plist */ = {isa = PBXFileReference; lastKnownFileType = text.plist.xml; path = Info.plist; sourceTree = "<group>"; };
		D9EF9F3C1FC161F60069E67B /* MessageViewController.swift */ = {isa = PBXFileReference; lastKnownFileType = sourcecode.swift; path = MessageViewController.swift; sourceTree = "<group>"; };
		D9EF9F401FC16E3A0069E67B /* MessageItem.swift */ = {isa = PBXFileReference; lastKnownFileType = sourcecode.swift; path = MessageItem.swift; sourceTree = "<group>"; };
		D9EF9F421FC17C720069E67B /* MessageViewCell.swift */ = {isa = PBXFileReference; lastKnownFileType = sourcecode.swift; path = MessageViewCell.swift; sourceTree = "<group>"; };
		D9EF9F441FC1962B0069E67B /* ChatViewController.swift */ = {isa = PBXFileReference; lastKnownFileType = sourcecode.swift; path = ChatViewController.swift; sourceTree = "<group>"; };
		D9EF9F461FC196980069E67B /* PersonalInformationViewController.swift */ = {isa = PBXFileReference; lastKnownFileType = sourcecode.swift; path = PersonalInformationViewController.swift; sourceTree = "<group>"; };
		D9EF9F481FC196B40069E67B /* ClassCheckViewController.swift */ = {isa = PBXFileReference; lastKnownFileType = sourcecode.swift; path = ClassCheckViewController.swift; sourceTree = "<group>"; };
		D9EF9F4A1FC196C00069E67B /* DownloadViewController.swift */ = {isa = PBXFileReference; lastKnownFileType = sourcecode.swift; path = DownloadViewController.swift; sourceTree = "<group>"; };
		D9EF9F4C1FC196DD0069E67B /* MyCourseViewController.swift */ = {isa = PBXFileReference; lastKnownFileType = sourcecode.swift; path = MyCourseViewController.swift; sourceTree = "<group>"; };
		D9EF9F4E1FC196E70069E67B /* MyHomeworkViewController.swift */ = {isa = PBXFileReference; lastKnownFileType = sourcecode.swift; path = MyHomeworkViewController.swift; sourceTree = "<group>"; };
		D9EF9F501FC1971E0069E67B /* HomeworkRemindViewController.swift */ = {isa = PBXFileReference; lastKnownFileType = sourcecode.swift; path = HomeworkRemindViewController.swift; sourceTree = "<group>"; };
		D9EF9F521FC19C470069E67B /* PersonalInformationItem.swift */ = {isa = PBXFileReference; lastKnownFileType = sourcecode.swift; path = PersonalInformationItem.swift; sourceTree = "<group>"; };
		D9EF9F541FC1A5020069E67B /* MainTabBarController.swift */ = {isa = PBXFileReference; lastKnownFileType = sourcecode.swift; path = MainTabBarController.swift; sourceTree = "<group>"; };
/* End PBXFileReference section */

/* Begin PBXFrameworksBuildPhase section */
		D9D8D26A1FB30900004E93E5 /* Frameworks */ = {
			isa = PBXFrameworksBuildPhase;
			buildActionMask = 2147483647;
			files = (
			);
			runOnlyForDeploymentPostprocessing = 0;
		};
/* End PBXFrameworksBuildPhase section */

/* Begin PBXGroup section */
		D9377D611FC8AA03004D3A47 /* MessageView */ = {
			isa = PBXGroup;
			children = (
				D9EF9F401FC16E3A0069E67B /* MessageItem.swift */,
				D9EF9F421FC17C720069E67B /* MessageViewCell.swift */,
				D9EF9F3C1FC161F60069E67B /* MessageViewController.swift */,
			);
			path = MessageView;
			sourceTree = "<group>";
		};
		D9377D621FC8AA2D004D3A47 /* ChatView */ = {
			isa = PBXGroup;
			children = (
				D9EF9F441FC1962B0069E67B /* ChatViewController.swift */,
			);
			path = ChatView;
			sourceTree = "<group>";
		};
		D9377D631FC8AA55004D3A47 /* ClassCheckView */ = {
			isa = PBXGroup;
			children = (
				D9EF9F481FC196B40069E67B /* ClassCheckViewController.swift */,
			);
			path = ClassCheckView;
			sourceTree = "<group>";
		};
		D9377D641FC8AA78004D3A47 /* DownloadView */ = {
			isa = PBXGroup;
			children = (
				D9EF9F4A1FC196C00069E67B /* DownloadViewController.swift */,
				D9BEA25B1FC571AE009C466F /* DownloadItem.swift */,
				D9BEA2551FC56B2C009C466F /* DownloadViewCell.swift */,
			);
			path = DownloadView;
			sourceTree = "<group>";
		};
		D9377D651FC8AA9F004D3A47 /* PersonalInformationView */ = {
			isa = PBXGroup;
			children = (
				D9EF9F521FC19C470069E67B /* PersonalInformationItem.swift */,
				D9EF9F461FC196980069E67B /* PersonalInformationViewController.swift */,
			);
			path = PersonalInformationView;
			sourceTree = "<group>";
		};
		D9377D661FC8AAE3004D3A47 /* MyCourseVIew */ = {
			isa = PBXGroup;
			children = (
				D9377D691FC9B55C004D3A47 /* MyCourseItem.swift */,
				D9377D6F1FC9E538004D3A47 /* MyCourses.swift */,
				D9EF9F4C1FC196DD0069E67B /* MyCourseViewController.swift */,
			);
			path = MyCourseVIew;
			sourceTree = "<group>";
		};
		D9377D671FC8AAF9004D3A47 /* MyHomeworkVIew */ = {
			isa = PBXGroup;
			children = (
				D9377D6B1FC9B579004D3A47 /* MyHomeworkItem.swift */,
				D9EF9F4E1FC196E70069E67B /* MyHomeworkViewController.swift */,
				D9377D751FCAF593004D3A47 /* MyHomeworkCell.swift */,
				D9377D771FCAFAD3004D3A47 /* showHomeworkItem.swift */,
			);
			path = MyHomeworkVIew;
			sourceTree = "<group>";
		};
		D9377D681FC8AB0A004D3A47 /* HomeworkRemindView */ = {
			isa = PBXGroup;
			children = (
				D9377D6D1FC9B594004D3A47 /* HomeworkRemindItem.swift */,
				D9EF9F501FC1971E0069E67B /* HomeworkRemindViewController.swift */,
				D9377D711FC9EB4C004D3A47 /* HomeworkRemindCell.swift */,
				D9377D731FCA874B004D3A47 /* AddHomeworkRemindViewController.swift */,
			);
			path = HomeworkRemindView;
			sourceTree = "<group>";
		};
		D9D8D2641FB30900004E93E5 = {
			isa = PBXGroup;
			children = (
				D9D8D26F1FB30900004E93E5 /* CSerHelper_ios */,
				D9D8D26E1FB30900004E93E5 /* Products */,
			);
			sourceTree = "<group>";
		};
		D9D8D26E1FB30900004E93E5 /* Products */ = {
			isa = PBXGroup;
			children = (
				D9D8D26D1FB30900004E93E5 /* CSerHelper_ios.app */,
			);
			name = Products;
			sourceTree = "<group>";
		};
		D9D8D26F1FB30900004E93E5 /* CSerHelper_ios */ = {
			isa = PBXGroup;
			children = (
				D9377D681FC8AB0A004D3A47 /* HomeworkRemindView */,
				D9377D671FC8AAF9004D3A47 /* MyHomeworkVIew */,
				D9377D661FC8AAE3004D3A47 /* MyCourseVIew */,
				D9377D651FC8AA9F004D3A47 /* PersonalInformationView */,
				D9377D641FC8AA78004D3A47 /* DownloadView */,
				D9377D631FC8AA55004D3A47 /* ClassCheckView */,
				D9377D621FC8AA2D004D3A47 /* ChatView */,
				D9377D611FC8AA03004D3A47 /* MessageView */,
				D9D8D2701FB30900004E93E5 /* AppDelegate.swift */,
				D924B51F1FD293BF003E0DCF /* LoginViewController.swift */,
				D90B26341FD291E7000C734B /* BasicVar.swift */,
				D9D8D2721FB30900004E93E5 /* ViewController.swift */,
				D9D8D2741FB30900004E93E5 /* Main.storyboard */,
				D9EF9F541FC1A5020069E67B /* MainTabBarController.swift */,
				D9D82D861FD2D5BF00D54DCD /* ConnectHost.swift */,
				D9D8D2771FB30900004E93E5 /* Assets.xcassets */,
				D9D8D2791FB30900004E93E5 /* LaunchScreen.storyboard */,
				D9D8D27C1FB30900004E93E5 /* Info.plist */,
			);
			path = CSerHelper_ios;
			sourceTree = "<group>";
		};
/* End PBXGroup section */

/* Begin PBXNativeTarget section */
		D9D8D26C1FB30900004E93E5 /* CSerHelper_ios */ = {
			isa = PBXNativeTarget;
			buildConfigurationList = D9D8D27F1FB30900004E93E5 /* Build configuration list for PBXNativeTarget "CSerHelper_ios" */;
			buildPhases = (
				D9D8D2691FB30900004E93E5 /* Sources */,
				D9D8D26A1FB30900004E93E5 /* Frameworks */,
				D9D8D26B1FB30900004E93E5 /* Resources */,
			);
			buildRules = (
			);
			dependencies = (
			);
			name = CSerHelper_ios;
			productName = CSerHelper_ios;
			productReference = D9D8D26D1FB30900004E93E5 /* CSerHelper_ios.app */;
			productType = "com.apple.product-type.application";
		};
/* End PBXNativeTarget section */

/* Begin PBXProject section */
		D9D8D2651FB30900004E93E5 /* Project object */ = {
			isa = PBXProject;
			attributes = {
				LastSwiftUpdateCheck = 0910;
				LastUpgradeCheck = 0910;
				ORGANIZATIONNAME = "吴佳玮";
				TargetAttributes = {
					D9D8D26C1FB30900004E93E5 = {
						CreatedOnToolsVersion = 9.1;
						ProvisioningStyle = Automatic;
					};
				};
			};
			buildConfigurationList = D9D8D2681FB30900004E93E5 /* Build configuration list for PBXProject "CSerHelper_ios" */;
			compatibilityVersion = "Xcode 8.0";
			developmentRegion = en;
			hasScannedForEncodings = 0;
			knownRegions = (
				en,
				Base,
			);
			mainGroup = D9D8D2641FB30900004E93E5;
			productRefGroup = D9D8D26E1FB30900004E93E5 /* Products */;
			projectDirPath = "";
			projectRoot = "";
			targets = (
				D9D8D26C1FB30900004E93E5 /* CSerHelper_ios */,
			);
		};
/* End PBXProject section */

/* Begin PBXResourcesBuildPhase section */
		D9D8D26B1FB30900004E93E5 /* Resources */ = {
			isa = PBXResourcesBuildPhase;
			buildActionMask = 2147483647;
			files = (
				D9D8D27B1FB30900004E93E5 /* LaunchScreen.storyboard in Resources */,
				D9D8D2781FB30900004E93E5 /* Assets.xcassets in Resources */,
				D9D8D2761FB30900004E93E5 /* Main.storyboard in Resources */,
			);
			runOnlyForDeploymentPostprocessing = 0;
		};
/* End PBXResourcesBuildPhase section */

/* Begin PBXSourcesBuildPhase section */
		D9D8D2691FB30900004E93E5 /* Sources */ = {
			isa = PBXSourcesBuildPhase;
			buildActionMask = 2147483647;
			files = (
				D9377D721FC9EB4C004D3A47 /* HomeworkRemindCell.swift in Sources */,
				D9D82D871FD2D5BF00D54DCD /* ConnectHost.swift in Sources */,
				D9377D6C1FC9B579004D3A47 /* MyHomeworkItem.swift in Sources */,
				D9EF9F411FC16E3A0069E67B /* MessageItem.swift in Sources */,
				D90B26351FD291E7000C734B /* BasicVar.swift in Sources */,
				D9D8D2731FB30900004E93E5 /* ViewController.swift in Sources */,
				D9EF9F431FC17C720069E67B /* MessageViewCell.swift in Sources */,
				D9377D781FCAFAD3004D3A47 /* showHomeworkItem.swift in Sources */,
				D9BEA2561FC56B2C009C466F /* DownloadViewCell.swift in Sources */,
				D9EF9F511FC1971E0069E67B /* HomeworkRemindViewController.swift in Sources */,
				D9EF9F471FC196980069E67B /* PersonalInformationViewController.swift in Sources */,
				D9EF9F531FC19C470069E67B /* PersonalInformationItem.swift in Sources */,
				D9377D761FCAF593004D3A47 /* MyHomeworkCell.swift in Sources */,
				D9377D741FCA874B004D3A47 /* AddHomeworkRemindViewController.swift in Sources */,
				D9377D701FC9E538004D3A47 /* MyCourses.swift in Sources */,
				D9377D6E1FC9B594004D3A47 /* HomeworkRemindItem.swift in Sources */,
				D9EF9F4B1FC196C00069E67B /* DownloadViewController.swift in Sources */,
				D9EF9F491FC196B40069E67B /* ClassCheckViewController.swift in Sources */,
				D9EF9F3D1FC161F60069E67B /* MessageViewController.swift in Sources */,
				D9377D6A1FC9B55C004D3A47 /* MyCourseItem.swift in Sources */,
				D9EF9F451FC1962B0069E67B /* ChatViewController.swift in Sources */,
				D9EF9F551FC1A5020069E67B /* MainTabBarController.swift in Sources */,
				D9BEA25C1FC571AE009C466F /* DownloadItem.swift in Sources */,
				D9D8D2711FB30900004E93E5 /* AppDelegate.swift in Sources */,
				D9EF9F4D1FC196DD0069E67B /* MyCourseViewController.swift in Sources */,
				D924B5201FD293BF003E0DCF /* LoginViewController.swift in Sources */,
				D9EF9F4F1FC196E70069E67B /* MyHomeworkViewController.swift in Sources */,
			);
			runOnlyForDeploymentPostprocessing = 0;
		};
/* End PBXSourcesBuildPhase section */

/* Begin PBXVariantGroup section */
		D9D8D2741FB30900004E93E5 /* Main.storyboard */ = {
			isa = PBXVariantGroup;
			children = (
				D9D8D2751FB30900004E93E5 /* Base */,
			);
			name = Main.storyboard;
			sourceTree = "<group>";
		};
		D9D8D2791FB30900004E93E5 /* LaunchScreen.storyboard */ = {
			isa = PBXVariantGroup;
			children = (
				D9D8D27A1FB30900004E93E5 /* Base */,
			);
			name = LaunchScreen.storyboard;
			sourceTree = "<group>";
		};
/* End PBXVariantGroup section */

/* Begin XCBuildConfiguration section */
		D9D8D27D1FB30900004E93E5 /* Debug */ = {
			isa = XCBuildConfiguration;
			buildSettings = {
				ALWAYS_SEARCH_USER_PATHS = NO;
				CLANG_ANALYZER_NONNULL = YES;
				CLANG_ANALYZER_NUMBER_OBJECT_CONVERSION = YES_AGGRESSIVE;
				CLANG_CXX_LANGUAGE_STANDARD = "gnu++14";
				CLANG_CXX_LIBRARY = "libc++";
				CLANG_ENABLE_MODULES = YES;
				CLANG_ENABLE_OBJC_ARC = YES;
				CLANG_WARN_BLOCK_CAPTURE_AUTORELEASING = YES;
				CLANG_WARN_BOOL_CONVERSION = YES;
				CLANG_WARN_COMMA = YES;
				CLANG_WARN_CONSTANT_CONVERSION = YES;
				CLANG_WARN_DIRECT_OBJC_ISA_USAGE = YES_ERROR;
				CLANG_WARN_DOCUMENTATION_COMMENTS = YES;
				CLANG_WARN_EMPTY_BODY = YES;
				CLANG_WARN_ENUM_CONVERSION = YES;
				CLANG_WARN_INFINITE_RECURSION = YES;
				CLANG_WARN_INT_CONVERSION = YES;
				CLANG_WARN_NON_LITERAL_NULL_CONVERSION = YES;
				CLANG_WARN_OBJC_LITERAL_CONVERSION = YES;
				CLANG_WARN_OBJC_ROOT_CLASS = YES_ERROR;
				CLANG_WARN_RANGE_LOOP_ANALYSIS = YES;
				CLANG_WARN_STRICT_PROTOTYPES = YES;
				CLANG_WARN_SUSPICIOUS_MOVE = YES;
				CLANG_WARN_UNGUARDED_AVAILABILITY = YES_AGGRESSIVE;
				CLANG_WARN_UNREACHABLE_CODE = YES;
				CLANG_WARN__DUPLICATE_METHOD_MATCH = YES;
				CODE_SIGN_IDENTITY = "iPhone Developer";
				COPY_PHASE_STRIP = NO;
				DEBUG_INFORMATION_FORMAT = dwarf;
				ENABLE_STRICT_OBJC_MSGSEND = YES;
				ENABLE_TESTABILITY = YES;
				GCC_C_LANGUAGE_STANDARD = gnu11;
				GCC_DYNAMIC_NO_PIC = NO;
				GCC_NO_COMMON_BLOCKS = YES;
				GCC_OPTIMIZATION_LEVEL = 0;
				GCC_PREPROCESSOR_DEFINITIONS = (
					"DEBUG=1",
					"$(inherited)",
				);
				GCC_WARN_64_TO_32_BIT_CONVERSION = YES;
				GCC_WARN_ABOUT_RETURN_TYPE = YES_ERROR;
				GCC_WARN_UNDECLARED_SELECTOR = YES;
				GCC_WARN_UNINITIALIZED_AUTOS = YES_AGGRESSIVE;
				GCC_WARN_UNUSED_FUNCTION = YES;
				GCC_WARN_UNUSED_VARIABLE = YES;
				IPHONEOS_DEPLOYMENT_TARGET = 11.1;
				MTL_ENABLE_DEBUG_INFO = YES;
				ONLY_ACTIVE_ARCH = YES;
				SDKROOT = iphoneos;
				SWIFT_ACTIVE_COMPILATION_CONDITIONS = DEBUG;
				SWIFT_OPTIMIZATION_LEVEL = "-Onone";
			};
			name = Debug;
		};
		D9D8D27E1FB30900004E93E5 /* Release */ = {
			isa = XCBuildConfiguration;
			buildSettings = {
				ALWAYS_SEARCH_USER_PATHS = NO;
				CLANG_ANALYZER_NONNULL = YES;
				CLANG_ANALYZER_NUMBER_OBJECT_CONVERSION = YES_AGGRESSIVE;
				CLANG_CXX_LANGUAGE_STANDARD = "gnu++14";
				CLANG_CXX_LIBRARY = "libc++";
				CLANG_ENABLE_MODULES = YES;
				CLANG_ENABLE_OBJC_ARC = YES;
				CLANG_WARN_BLOCK_CAPTURE_AUTORELEASING = YES;
				CLANG_WARN_BOOL_CONVERSION = YES;
				CLANG_WARN_COMMA = YES;
				CLANG_WARN_CONSTANT_CONVERSION = YES;
				CLANG_WARN_DIRECT_OBJC_ISA_USAGE = YES_ERROR;
				CLANG_WARN_DOCUMENTATION_COMMENTS = YES;
				CLANG_WARN_EMPTY_BODY = YES;
				CLANG_WARN_ENUM_CONVERSION = YES;
				CLANG_WARN_INFINITE_RECURSION = YES;
				CLANG_WARN_INT_CONVERSION = YES;
				CLANG_WARN_NON_LITERAL_NULL_CONVERSION = YES;
				CLANG_WARN_OBJC_LITERAL_CONVERSION = YES;
				CLANG_WARN_OBJC_ROOT_CLASS = YES_ERROR;
				CLANG_WARN_RANGE_LOOP_ANALYSIS = YES;
				CLANG_WARN_STRICT_PROTOTYPES = YES;
				CLANG_WARN_SUSPICIOUS_MOVE = YES;
				CLANG_WARN_UNGUARDED_AVAILABILITY = YES_AGGRESSIVE;
				CLANG_WARN_UNREACHABLE_CODE = YES;
				CLANG_WARN__DUPLICATE_METHOD_MATCH = YES;
				CODE_SIGN_IDENTITY = "iPhone Developer";
				COPY_PHASE_STRIP = NO;
				DEBUG_INFORMATION_FORMAT = "dwarf-with-dsym";
				ENABLE_NS_ASSERTIONS = NO;
				ENABLE_STRICT_OBJC_MSGSEND = YES;
				GCC_C_LANGUAGE_STANDARD = gnu11;
				GCC_NO_COMMON_BLOCKS = YES;
				GCC_WARN_64_TO_32_BIT_CONVERSION = YES;
				GCC_WARN_ABOUT_RETURN_TYPE = YES_ERROR;
				GCC_WARN_UNDECLARED_SELECTOR = YES;
				GCC_WARN_UNINITIALIZED_AUTOS = YES_AGGRESSIVE;
				GCC_WARN_UNUSED_FUNCTION = YES;
				GCC_WARN_UNUSED_VARIABLE = YES;
				IPHONEOS_DEPLOYMENT_TARGET = 11.1;
				MTL_ENABLE_DEBUG_INFO = NO;
				SDKROOT = iphoneos;
				SWIFT_OPTIMIZATION_LEVEL = "-Owholemodule";
				VALIDATE_PRODUCT = YES;
			};
			name = Release;
		};
		D9D8D2801FB30900004E93E5 /* Debug */ = {
			isa = XCBuildConfiguration;
			buildSettings = {
				ASSETCATALOG_COMPILER_APPICON_NAME = AppIcon;
				CODE_SIGN_STYLE = Automatic;
				DEVELOPMENT_TEAM = UQ6H9JH3R9;
				INFOPLIST_FILE = CSerHelper_ios/Info.plist;
				LD_RUNPATH_SEARCH_PATHS = "$(inherited) @executable_path/Frameworks";
				PRODUCT_BUNDLE_IDENTIFIER = "com.nju.CSerHelper-ios";
				PRODUCT_NAME = "$(TARGET_NAME)";
				SWIFT_VERSION = 4.0;
				TARGETED_DEVICE_FAMILY = "1,2";
			};
			name = Debug;
		};
		D9D8D2811FB30900004E93E5 /* Release */ = {
			isa = XCBuildConfiguration;
			buildSettings = {
				ASSETCATALOG_COMPILER_APPICON_NAME = AppIcon;
				CODE_SIGN_STYLE = Automatic;
				DEVELOPMENT_TEAM = UQ6H9JH3R9;
				INFOPLIST_FILE = CSerHelper_ios/Info.plist;
				LD_RUNPATH_SEARCH_PATHS = "$(inherited) @executable_path/Frameworks";
				PRODUCT_BUNDLE_IDENTIFIER = "com.nju.CSerHelper-ios";
				PRODUCT_NAME = "$(TARGET_NAME)";
				SWIFT_VERSION = 4.0;
				TARGETED_DEVICE_FAMILY = "1,2";
			};
			name = Release;
		};
/* End XCBuildConfiguration section */

/* Begin XCConfigurationList section */
		D9D8D2681FB30900004E93E5 /* Build configuration list for PBXProject "CSerHelper_ios" */ = {
			isa = XCConfigurationList;
			buildConfigurations = (
				D9D8D27D1FB30900004E93E5 /* Debug */,
				D9D8D27E1FB30900004E93E5 /* Release */,
			);
			defaultConfigurationIsVisible = 0;
			defaultConfigurationName = Release;
		};
		D9D8D27F1FB30900004E93E5 /* Build configuration list for PBXNativeTarget "CSerHelper_ios" */ = {
			isa = XCConfigurationList;
			buildConfigurations = (
				D9D8D2801FB30900004E93E5 /* Debug */,
				D9D8D2811FB30900004E93E5 /* Release */,
			);
			defaultConfigurationIsVisible = 0;
			defaultConfigurationName = Release;
		};
/* End XCConfigurationList section */
	};
	rootObject = D9D8D2651FB30900004E93E5 /* Project object */;
}
